
Microsoft Visual Studio Solution File, Format Version 12.00
# Visual Studio Version 17
VisualStudioVersion = 17.4.33213.308
MinimumVisualStudioVersion = 10.0.40219.1
Project("{9A19103F-16F7-4668-BE54-9A1E7A4F7556}") = "OnlineShopMVC", "OnlineShopMVC\OnlineShopMVC.csproj", "{62C12CEB-AF10-48B4-8916-D7A6A881C17D}"
EndProject
Global
	GlobalSection(SolutionConfigurationPlatforms) = preSolution
		Debug|Any CPU = Debug|Any CPU
		Release|Any CPU = Release|Any CPU
	EndGlobalSection
	GlobalSection(ProjectConfigurationPlatforms) = postSolution
		{62C12CEB-AF10-48B4-8916-D7A6A881C17D}.Debug|Any CPU.ActiveCfg = Debug|Any CPU
		{62C12CEB-AF10-48B4-8916-D7A6A881C17D}.Debug|Any CPU.Build.0 = Debug|Any CPU
		{62C12CEB-AF10-48B4-8916-D7A6A881C17D}.Release|Any CPU.ActiveCfg = Release|Any CPU
		{62C12CEB-AF10-48B4-8916-D7A6A881C17D}.Release|Any CPU.Build.0 = Release|Any CPU
	EndGlobalSection
	GlobalSection(SolutionProperties) = preSolution
		HideSolutionNode = FALSE
	EndGlobalSection
	GlobalSection(ExtensibilityGlobals) = postSolution
		SolutionGuid = {161953AF-4956-4673-808E-D9D893018D32}
	EndGlobalSection
EndGlobal
